uuid: a735523c-b4dc-48dd-818f-8419c494cd94
langcode: en
status: true
dependencies:
  module:
    - weather_block
  theme:
    - my_awesome_theme
id: my_awesome_theme_weatherblock
theme: my_awesome_theme
region: top_header
weight: -15
provider: null
plugin: weather_block
settings:
  id: weather_block
  label: 'Weather block'
  label_display: '0'
  provider: weather_block
visibility: {  }
