uuid: 3ebffa69-2aff-4099-a160-20a0b2a678ef
langcode: en
status: true
dependencies:
  module:
    - weather_block
  theme:
    - my_awesome_theme
id: my_awesome_theme_weatherblock
theme: my_awesome_theme
region: top_header
weight: -15
provider: null
plugin: weather_block
settings:
  id: weather_block
  label: 'Weather block'
  label_display: '0'
  provider: weather_block
  cities:
    - ''
  api:
    - ''
  key: ''
  users:
    1:
      cities:
        - Донецьк
    3:
      cities:
        - Житомир
  settings:
    key: 8795cf1702a915bf4f6e1c1ca54fed35
visibility: {  }
